# This file is autogenerated, do not edit; changes may be undone by the next 'dep ensure'.


[[projects]]
  digest = "1:2d29417d08199c60f690212f7e6a654d41579c9a8410344967f22bc417cdc5a9"
  name = "github.com/VladimirMarkelov/clui"
  packages = ["."]
  pruneopts = "UT"
  revision = "1f6ccfb9aa536b7d3b0a9db25bf37707f407523b"
  version = "v1.0"

[[projects]]
  digest = "1:1ca95505ec8a6d69762d2b5d9ab7e66ae619365b2e26031e220b675ff6fb010b"
  name = "github.com/atotto/clipboard"
  packages = ["."]
  pruneopts = "UT"
  revision = "aa9549103943c05f3e8951009cdb6a0bec2c8949"
  version = "v0.1.1"

[[projects]]
  digest = "1:5e9a94190e20a9ff23267adcc08727fca2d3a0d7bf849120fa79fcd2353db721"
  name = "github.com/coreos/go-systemd"
  packages = ["dbus"]
  pruneopts = "UT"
  revision = "95778dfbb74eb7e4dbaf43bf7d71809650ef8076"
  version = "v19"

[[projects]]
  branch = "master"
  digest = "1:e289d5e7048337880ec469bf6e419b16852db7c214e810d6d3840e42d3adfa5b"
  name = "github.com/digitalocean/go-smbios"
  packages = ["smbios"]
  pruneopts = "UT"
  revision = "390a4f403a8e94ca0acdcf609eb18eeae9d6d1ac"

[[projects]]
  digest = "1:b3d20bcdedab2050e6bc58e52f4fdc46f710b4c74e1a1ecee262ebec1aee7b6e"
  name = "github.com/godbus/dbus"
  packages = ["."]
  pruneopts = "UT"
  revision = "2ff6f7ffd60f0f2410b3105864bdd12c7894f844"
  version = "v5.0.1"

[[projects]]
  digest = "1:029f2edf9b624ed24f9dc20ef3fd518ba060b7207da48e0bee4a84a9f0e2b389"
  name = "github.com/gotk3/gotk3"
  packages = [
    "cairo",
    "gdk",
    "glib",
    "gtk",
    "pango",
  ]
  pruneopts = "UT"
  revision = "8deb6b3f8d38fbdc31ec733fdbd24bf491a5979b"
  version = "GOTK3_0_3_0"

[[projects]]
  digest = "1:f9a5e090336881be43cfc1cf468330c1bdd60abdc9dd194e0b1ab69f4b94dd7c"
  name = "github.com/huandu/xstrings"
  packages = ["."]
  pruneopts = "UT"
  revision = "f02667b379e2fb5916c3cda2cf31e0eb885d79f8"
  version = "v1.2.0"

[[projects]]
  digest = "1:c1969ca636a3249ca89cc658fb22280f69bb6f191787b0a2437690daddb25e7d"
  name = "github.com/leonelquinteros/gotext"
  packages = [
    ".",
    "plurals",
  ]
  pruneopts = "UT"
  revision = "477ce49ddf8f201350f40fdb5ed80a65d155cc33"
  version = "v1.4.0"

[[projects]]
  digest = "1:0356f3312c9bd1cbeda81505b7fd437501d8e778ab66998ef69f00d7f9b3a0d7"
  name = "github.com/mattn/go-runewidth"
  packages = ["."]
  pruneopts = "UT"
  revision = "3ee7d812e62a0804a7d0a324e0249ca2db3476d3"
  version = "v0.0.4"

[[projects]]
  branch = "master"
  digest = "1:01d9e47830ef6077fb6f91033b0e83f324ad5966d11ed3daa4a5822ace876dab"
  name = "github.com/nsf/termbox-go"
  packages = ["."]
  pruneopts = "UT"
  revision = "60ab7e3d12ed91bc1b2486559c4b3a6b62297577"

[[projects]]
  digest = "1:c1b1102241e7f645bc8e0c22ae352e8f0dc6484b6cb4d132fa9f24174e0119e2"
  name = "github.com/spf13/pflag"
  packages = ["."]
  pruneopts = "UT"
  revision = "298182f68c66c05229eb03ac171abe6e309ee79a"
  version = "v1.0.3"

[[projects]]
  branch = "master"
  digest = "1:38f553aff0273ad6f367cb0a0f8b6eecbaef8dc6cb8b50e57b6a81c1d5b1e332"
  name = "golang.org/x/crypto"
  packages = ["ssh/terminal"]
  pruneopts = "UT"
  revision = "505ab145d0a99da450461ae2c1a9f6cd10d1f447"

[[projects]]
  branch = "master"
  digest = "1:3d5e79e10549fd9119cbefd614b6d351ef5bd0be2f2b103a4199788e784cbc68"
  name = "golang.org/x/sys"
  packages = [
    "unix",
    "windows",
  ]
  pruneopts = "UT"
  revision = "b4a75ba826a64a70990f11a225237acd6ef35c9f"

[[projects]]
  digest = "1:770ae53f0090c9b9ddea5f62c746e61c2adcfb0e877f321e1d07263feffe7a24"
  name = "golang.org/x/text"
  packages = [
    "internal/format",
    "internal/gen",
    "internal/tag",
    "language",
    "language/display",
    "unicode/cldr",
  ]
  pruneopts = "UT"
  revision = "f21a4dfb5e38f5895301dc265a8def02365cc3d0"
  version = "v0.3.0"

[[projects]]
  digest = "1:4d2e5a73dc1500038e504a8d78b986630e3626dc027bc030ba5c75da257cdb96"
  name = "gopkg.in/yaml.v2"
  packages = ["."]
  pruneopts = "UT"
  revision = "51d6538a90f86fe93ac480b35f37b2be17fef232"
  version = "v2.2.2"

[solve-meta]
  analyzer-name = "dep"
  analyzer-version = 1
  input-imports = [
    "github.com/VladimirMarkelov/clui",
    "github.com/coreos/go-systemd/dbus",
    "github.com/digitalocean/go-smbios/smbios",
    "github.com/gotk3/gotk3/gdk",
    "github.com/gotk3/gotk3/glib",
    "github.com/gotk3/gotk3/gtk",
    "github.com/huandu/xstrings",
    "github.com/leonelquinteros/gotext",
    "github.com/nsf/termbox-go",
    "github.com/spf13/pflag",
    "golang.org/x/crypto/ssh/terminal",
    "golang.org/x/text/language",
    "golang.org/x/text/language/display",
    "gopkg.in/yaml.v2",
  ]
  solver-name = "gps-cdcl"
  solver-version = 1
